
Microsoft Visual Studio Solution File, Format Version 12.00
# Visual Studio 15
VisualStudioVersion = 15.0.26403.7
MinimumVisualStudioVersion = 10.0.40219.1
Project("{FAE04EC0-301F-11D3-BF4B-00C04F79EFBC}") = "OstrovAsm", "OstrovAsm.csproj", "{878559B6-CBA9-4982-BEAD-201FD9DC3322}"
EndProject
Global
	GlobalSection(SolutionConfigurationPlatforms) = preSolution
		Debug|Any CPU = Debug|Any CPU
		Release|Any CPU = Release|Any CPU
	EndGlobalSection
	GlobalSection(ProjectConfigurationPlatforms) = postSolution
		{878559B6-CBA9-4982-BEAD-201FD9DC3322}.Debug|Any CPU.ActiveCfg = Debug|Any CPU
		{878559B6-CBA9-4982-BEAD-201FD9DC3322}.Debug|Any CPU.Build.0 = Debug|Any CPU
		{878559B6-CBA9-4982-BEAD-201FD9DC3322}.Release|Any CPU.ActiveCfg = Release|Any CPU
		{878559B6-CBA9-4982-BEAD-201FD9DC3322}.Release|Any CPU.Build.0 = Release|Any CPU
	EndGlobalSection
	GlobalSection(SolutionProperties) = preSolution
		HideSolutionNode = FALSE
	EndGlobalSection
EndGlobal
